
Microsoft Visual Studio Solution File, Format Version 12.00
# Visual Studio Version 16
VisualStudioVersion = 16.0.30804.86
MinimumVisualStudioVersion = 10.0.40219.1
Project("{2150E333-8FDC-42A3-9474-1A3956D46DE8}") = "01. Generic Classes, Methods", "01. Generic Classes, Methods", "{6C7123EA-51E1-4B9C-8598-2D5F7FB08FA0}"
EndProject
Project("{2150E333-8FDC-42A3-9474-1A3956D46DE8}") = "02. Delegates, Anonymous", "02. Delegates, Anonymous", "{D03D976A-5A39-4C68-A2DA-DA485FFA453F}"
EndProject
Project("{2150E333-8FDC-42A3-9474-1A3956D46DE8}") = "03. Extension Methods", "03. Extension Methods", "{7E81F52F-DB4F-4EBD-8E09-BF29846CEE38}"
EndProject
Project("{2150E333-8FDC-42A3-9474-1A3956D46DE8}") = "04. Working with Files", "04. Working with Files", "{0EFAE51B-C030-45EA-A772-238DC828A90D}"
EndProject
Project("{2150E333-8FDC-42A3-9474-1A3956D46DE8}") = "05. LINQ", "05. LINQ", "{58DEBE08-0F88-4714-8E56-9A214CE8C7AB}"
EndProject
Project("{2150E333-8FDC-42A3-9474-1A3956D46DE8}") = "06. Reflection", "06. Reflection", "{B9450DD5-C936-461B-8B2E-6F04C7A2223A}"
EndProject
Project("{2150E333-8FDC-42A3-9474-1A3956D46DE8}") = "01.02. Hash table and Linked List", "01.02. Hash table and Linked List", "{7CE0B862-5FDE-4A46-87DB-16736C46D151}"
EndProject
Project("{2150E333-8FDC-42A3-9474-1A3956D46DE8}") = "01.01 Number of Occurences of Items", "01.01 Number of Occurences of Items", "{E75C818D-C7A3-4345-A80C-28AFD4AEF277}"
EndProject
Project("{2150E333-8FDC-42A3-9474-1A3956D46DE8}") = "02. Publish Events", "02. Publish Events", "{AE0884EA-221F-4640-8426-6BBEB9927ED4}"
EndProject
Project("{2150E333-8FDC-42A3-9474-1A3956D46DE8}") = "01. Timer", "01. Timer", "{3742BEF9-2F5C-4DE9-9B3A-C1B5B7D5B5BE}"
EndProject
Project("{2150E333-8FDC-42A3-9474-1A3956D46DE8}") = "01. Substring", "01. Substring", "{94FB4F11-AD13-48FA-8DF8-939F6D7C6A1C}"
EndProject
Project("{2150E333-8FDC-42A3-9474-1A3956D46DE8}") = "02. IEnumberable_T Extension Methods Sets", "02. IEnumberable_T Extension Methods Sets", "{AF3DBA4F-9A93-4680-9ADA-D954BB4700C0}"
EndProject
Project("{2150E333-8FDC-42A3-9474-1A3956D46DE8}") = "01. Print Odd Lines", "01. Print Odd Lines", "{4F6FF0EA-D3D0-431A-98F6-C01FE07C23C7}"
EndProject
Project("{2150E333-8FDC-42A3-9474-1A3956D46DE8}") = "02. File Concatenation", "02. File Concatenation", "{9A794778-A68A-4C30-A6C7-7FBE6CBF96F8}"
EndProject
Project("{2150E333-8FDC-42A3-9474-1A3956D46DE8}") = "03. Insert Line Numbers", "03. Insert Line Numbers", "{289CBEFB-019D-4221-ACD5-A3B791E73CD2}"
EndProject
Project("{2150E333-8FDC-42A3-9474-1A3956D46DE8}") = "04. Compare Files", "04. Compare Files", "{600BC27B-A394-4D45-9ED7-84CB4FFAE15F}"
EndProject
Project("{2150E333-8FDC-42A3-9474-1A3956D46DE8}") = "05. Delete Words with Prefix", "05. Delete Words with Prefix", "{AAE891DD-0C57-49AD-BF1E-B8697E5FA7B0}"
EndProject
Project("{2150E333-8FDC-42A3-9474-1A3956D46DE8}") = "06. Remove Words Listed in a File", "06. Remove Words Listed in a File", "{CE3D3138-8AED-4E61-AE7C-1E18DCF3B440}"
EndProject
Project("{2150E333-8FDC-42A3-9474-1A3956D46DE8}") = "07. Occurence of Words in Another File", "07. Occurence of Words in Another File", "{819C9788-4ABD-4698-B9CD-DA98341E1458}"
EndProject
Project("{2150E333-8FDC-42A3-9474-1A3956D46DE8}") = "01. Age Between", "01. Age Between", "{91F1BED8-2379-4031-95DA-44AF8B1FF6E7}"
EndProject
Project("{2150E333-8FDC-42A3-9474-1A3956D46DE8}") = "02. OrderBy ThenBy", "02. OrderBy ThenBy", "{0A33E796-5ADB-4BEE-924F-A173316AD8EB}"
EndProject
Project("{2150E333-8FDC-42A3-9474-1A3956D46DE8}") = "04. Numbers Divisible By 7 and 3", "04. Numbers Divisible By 7 and 3", "{1328C33F-5F0C-4D36-B0B5-D2838716D7C3}"
EndProject
Project("{2150E333-8FDC-42A3-9474-1A3956D46DE8}") = "01. Get Executing Assembly", "01. Get Executing Assembly", "{66D0DBF3-4DB6-425A-A325-2A4A23EADA7D}"
EndProject
Project("{2150E333-8FDC-42A3-9474-1A3956D46DE8}") = "02. Set Property Value", "02. Set Property Value", "{FEB91C31-165C-4678-81FA-6959533C21C6}"
EndProject
Project("{2150E333-8FDC-42A3-9474-1A3956D46DE8}") = "03. Invoke method, Pass a parameter", "03. Invoke method, Pass a parameter", "{3CEEEA04-37F3-4FF4-A0CB-C589BD798202}"
EndProject
Project("{9A19103F-16F7-4668-BE54-9A1E7A4F7556}") = "01.01.NumberOfOccurences", "01.01.NumberOfOccurences\01.01.NumberOfOccurences.csproj", "{48D11338-F16F-499D-B535-678C7ACF3D30}"
EndProject
Project("{9A19103F-16F7-4668-BE54-9A1E7A4F7556}") = "03.01.Substring", "03.01.Substring\03.01.Substring.csproj", "{AC619917-CEFE-4413-B364-CAFAB4222838}"
EndProject
Project("{9A19103F-16F7-4668-BE54-9A1E7A4F7556}") = "03.02.IEnumberable_T", "03.02.IEnumberable_T\03.02.IEnumberable_T.csproj", "{D0AE9536-E19C-4983-B604-FD735ACCF668}"
EndProject
Project("{9A19103F-16F7-4668-BE54-9A1E7A4F7556}") = "04.02.FileConcatenation", "04.02.FileConcatenation\04.02.FileConcatenation.csproj", "{D97D261B-007F-4230-B9E8-4E00714C2BA4}"
EndProject
Project("{9A19103F-16F7-4668-BE54-9A1E7A4F7556}") = "04.01.PrintOddLines", "04.01.PrintOddLines\04.01.PrintOddLines.csproj", "{3F8896A7-37DB-4F8E-853C-B50F740BE6B8}"
EndProject
Project("{9A19103F-16F7-4668-BE54-9A1E7A4F7556}") = "04.03.InsertLineNumbers", "04.03.InsertLineNumbers\04.03.InsertLineNumbers.csproj", "{007E0E2D-74F9-414B-BEB1-F2B74DE386BA}"
EndProject
Project("{9A19103F-16F7-4668-BE54-9A1E7A4F7556}") = "04.04.CompareFiles", "04.04.CompareFiles\04.04.CompareFiles.csproj", "{311F4350-212A-437A-886A-3F7CBB5F8D6E}"
EndProject
Project("{9A19103F-16F7-4668-BE54-9A1E7A4F7556}") = "04.05.DeleteWordsPrefix", "04.05.DeleteWordsPrefix\04.05.DeleteWordsPrefix.csproj", "{65CE3EFB-EC23-430A-9913-FB821D745F95}"
EndProject
Project("{9A19103F-16F7-4668-BE54-9A1E7A4F7556}") = "04.06.RemoveWordsListedFile", "04.06.RemoveWordsListedFile\04.06.RemoveWordsListedFile.csproj", "{65B7D899-C3DE-4216-98DB-1CAC9669C5A9}"
EndProject
Project("{9A19103F-16F7-4668-BE54-9A1E7A4F7556}") = "04.07.OccurenceWordsFile", "04.07.OccurenceWordsFile\04.07.OccurenceWordsFile.csproj", "{3655A222-EC41-4F82-B3EE-205B27DC741C}"
EndProject
Project("{9A19103F-16F7-4668-BE54-9A1E7A4F7556}") = "05.01.AgeBetween", "05.01.AgeBetween\05.01.AgeBetween.csproj", "{6B9532B5-D230-4996-90FF-B04A7BE6BE36}"
EndProject
Project("{9A19103F-16F7-4668-BE54-9A1E7A4F7556}") = "05.02.OrderByThenBy", "05.02.OrderByThenBy\05.02.OrderByThenBy.csproj", "{EF54EA03-D9EF-4C55-AA8D-ED57A3F77FA1}"
EndProject
Project("{9A19103F-16F7-4668-BE54-9A1E7A4F7556}") = "05.04.Divisible7and3", "05.04.Divisible7and3\05.04.Divisible7and3.csproj", "{26E53D33-FAB7-4AB9-B8C9-295DC883BD56}"
EndProject
Project("{9A19103F-16F7-4668-BE54-9A1E7A4F7556}") = "06.01.GetExecutingAssembly", "06.01.GetExecutingAssembly\06.01.GetExecutingAssembly.csproj", "{206A5FDF-EA14-401D-8C4D-3037E11670AA}"
EndProject
Project("{9A19103F-16F7-4668-BE54-9A1E7A4F7556}") = "06.02.SetPropertyValue", "06.02.SetPropertyValue\06.02.SetPropertyValue.csproj", "{3E7D0A52-42C0-4DB4-B237-3FDFFE8964A0}"
EndProject
Project("{9A19103F-16F7-4668-BE54-9A1E7A4F7556}") = "06.03.InvokeMethodPassParameter", "06.03.InvokeMethodPassParameter\06.03.InvokeMethodPassParameter.csproj", "{05A30D5E-2E81-42AF-B930-A51FF811B9D5}"
EndProject
Project("{9A19103F-16F7-4668-BE54-9A1E7A4F7556}") = "02.02.PublishEvents", "02.02.PublishEvents\02.02.PublishEvents.csproj", "{1B2F5161-FD5E-4A7F-9472-EBB93B7BDB43}"
EndProject
Project("{FAE04EC0-301F-11D3-BF4B-00C04F79EFBC}") = "01.02.HashTableLinkedList - NET", "01.02.HashTableLinkedList - NET\01.02.HashTableLinkedList - NET.csproj", "{6C641518-64EC-4734-AE3A-BBFD4FA1F2EF}"
EndProject
Project("{FAE04EC0-301F-11D3-BF4B-00C04F79EFBC}") = "01.02.HashTableLinkedList.Tests", "01.02.HashTableLinkedList.Tests\01.02.HashTableLinkedList.Tests.csproj", "{AECA1ED4-58D4-40BD-A1D9-D495827EC574}"
EndProject
Project("{9A19103F-16F7-4668-BE54-9A1E7A4F7556}") = "02.01.TimerDelegate", "02.01.TimerDelegate\02.01.TimerDelegate.csproj", "{5B9DDCDB-661D-46D4-969C-611A84B4285C}"
EndProject
Global
	GlobalSection(SolutionConfigurationPlatforms) = preSolution
		Debug|Any CPU = Debug|Any CPU
		Release|Any CPU = Release|Any CPU
	EndGlobalSection
	GlobalSection(ProjectConfigurationPlatforms) = postSolution
		{48D11338-F16F-499D-B535-678C7ACF3D30}.Debug|Any CPU.ActiveCfg = Debug|Any CPU
		{48D11338-F16F-499D-B535-678C7ACF3D30}.Debug|Any CPU.Build.0 = Debug|Any CPU
		{48D11338-F16F-499D-B535-678C7ACF3D30}.Release|Any CPU.ActiveCfg = Release|Any CPU
		{48D11338-F16F-499D-B535-678C7ACF3D30}.Release|Any CPU.Build.0 = Release|Any CPU
		{AC619917-CEFE-4413-B364-CAFAB4222838}.Debug|Any CPU.ActiveCfg = Debug|Any CPU
		{AC619917-CEFE-4413-B364-CAFAB4222838}.Debug|Any CPU.Build.0 = Debug|Any CPU
		{AC619917-CEFE-4413-B364-CAFAB4222838}.Release|Any CPU.ActiveCfg = Release|Any CPU
		{AC619917-CEFE-4413-B364-CAFAB4222838}.Release|Any CPU.Build.0 = Release|Any CPU
		{D0AE9536-E19C-4983-B604-FD735ACCF668}.Debug|Any CPU.ActiveCfg = Debug|Any CPU
		{D0AE9536-E19C-4983-B604-FD735ACCF668}.Debug|Any CPU.Build.0 = Debug|Any CPU
		{D0AE9536-E19C-4983-B604-FD735ACCF668}.Release|Any CPU.ActiveCfg = Release|Any CPU
		{D0AE9536-E19C-4983-B604-FD735ACCF668}.Release|Any CPU.Build.0 = Release|Any CPU
		{D97D261B-007F-4230-B9E8-4E00714C2BA4}.Debug|Any CPU.ActiveCfg = Debug|Any CPU
		{D97D261B-007F-4230-B9E8-4E00714C2BA4}.Debug|Any CPU.Build.0 = Debug|Any CPU
		{D97D261B-007F-4230-B9E8-4E00714C2BA4}.Release|Any CPU.ActiveCfg = Release|Any CPU
		{D97D261B-007F-4230-B9E8-4E00714C2BA4}.Release|Any CPU.Build.0 = Release|Any CPU
		{3F8896A7-37DB-4F8E-853C-B50F740BE6B8}.Debug|Any CPU.ActiveCfg = Debug|Any CPU
		{3F8896A7-37DB-4F8E-853C-B50F740BE6B8}.Debug|Any CPU.Build.0 = Debug|Any CPU
		{3F8896A7-37DB-4F8E-853C-B50F740BE6B8}.Release|Any CPU.ActiveCfg = Release|Any CPU
		{3F8896A7-37DB-4F8E-853C-B50F740BE6B8}.Release|Any CPU.Build.0 = Release|Any CPU
		{007E0E2D-74F9-414B-BEB1-F2B74DE386BA}.Debug|Any CPU.ActiveCfg = Debug|Any CPU
		{007E0E2D-74F9-414B-BEB1-F2B74DE386BA}.Debug|Any CPU.Build.0 = Debug|Any CPU
		{007E0E2D-74F9-414B-BEB1-F2B74DE386BA}.Release|Any CPU.ActiveCfg = Release|Any CPU
		{007E0E2D-74F9-414B-BEB1-F2B74DE386BA}.Release|Any CPU.Build.0 = Release|Any CPU
		{311F4350-212A-437A-886A-3F7CBB5F8D6E}.Debug|Any CPU.ActiveCfg = Debug|Any CPU
		{311F4350-212A-437A-886A-3F7CBB5F8D6E}.Debug|Any CPU.Build.0 = Debug|Any CPU
		{311F4350-212A-437A-886A-3F7CBB5F8D6E}.Release|Any CPU.ActiveCfg = Release|Any CPU
		{311F4350-212A-437A-886A-3F7CBB5F8D6E}.Release|Any CPU.Build.0 = Release|Any CPU
		{65CE3EFB-EC23-430A-9913-FB821D745F95}.Debug|Any CPU.ActiveCfg = Debug|Any CPU
		{65CE3EFB-EC23-430A-9913-FB821D745F95}.Debug|Any CPU.Build.0 = Debug|Any CPU
		{65CE3EFB-EC23-430A-9913-FB821D745F95}.Release|Any CPU.ActiveCfg = Release|Any CPU
		{65CE3EFB-EC23-430A-9913-FB821D745F95}.Release|Any CPU.Build.0 = Release|Any CPU
		{65B7D899-C3DE-4216-98DB-1CAC9669C5A9}.Debug|Any CPU.ActiveCfg = Debug|Any CPU
		{65B7D899-C3DE-4216-98DB-1CAC9669C5A9}.Debug|Any CPU.Build.0 = Debug|Any CPU
		{65B7D899-C3DE-4216-98DB-1CAC9669C5A9}.Release|Any CPU.ActiveCfg = Release|Any CPU
		{65B7D899-C3DE-4216-98DB-1CAC9669C5A9}.Release|Any CPU.Build.0 = Release|Any CPU
		{3655A222-EC41-4F82-B3EE-205B27DC741C}.Debug|Any CPU.ActiveCfg = Debug|Any CPU
		{3655A222-EC41-4F82-B3EE-205B27DC741C}.Debug|Any CPU.Build.0 = Debug|Any CPU
		{3655A222-EC41-4F82-B3EE-205B27DC741C}.Release|Any CPU.ActiveCfg = Release|Any CPU
		{3655A222-EC41-4F82-B3EE-205B27DC741C}.Release|Any CPU.Build.0 = Release|Any CPU
		{6B9532B5-D230-4996-90FF-B04A7BE6BE36}.Debug|Any CPU.ActiveCfg = Debug|Any CPU
		{6B9532B5-D230-4996-90FF-B04A7BE6BE36}.Debug|Any CPU.Build.0 = Debug|Any CPU
		{6B9532B5-D230-4996-90FF-B04A7BE6BE36}.Release|Any CPU.ActiveCfg = Release|Any CPU
		{6B9532B5-D230-4996-90FF-B04A7BE6BE36}.Release|Any CPU.Build.0 = Release|Any CPU
		{EF54EA03-D9EF-4C55-AA8D-ED57A3F77FA1}.Debug|Any CPU.ActiveCfg = Debug|Any CPU
		{EF54EA03-D9EF-4C55-AA8D-ED57A3F77FA1}.Debug|Any CPU.Build.0 = Debug|Any CPU
		{EF54EA03-D9EF-4C55-AA8D-ED57A3F77FA1}.Release|Any CPU.ActiveCfg = Release|Any CPU
		{EF54EA03-D9EF-4C55-AA8D-ED57A3F77FA1}.Release|Any CPU.Build.0 = Release|Any CPU
		{26E53D33-FAB7-4AB9-B8C9-295DC883BD56}.Debug|Any CPU.ActiveCfg = Debug|Any CPU
		{26E53D33-FAB7-4AB9-B8C9-295DC883BD56}.Debug|Any CPU.Build.0 = Debug|Any CPU
		{26E53D33-FAB7-4AB9-B8C9-295DC883BD56}.Release|Any CPU.ActiveCfg = Release|Any CPU
		{26E53D33-FAB7-4AB9-B8C9-295DC883BD56}.Release|Any CPU.Build.0 = Release|Any CPU
		{206A5FDF-EA14-401D-8C4D-3037E11670AA}.Debug|Any CPU.ActiveCfg = Debug|Any CPU
		{206A5FDF-EA14-401D-8C4D-3037E11670AA}.Debug|Any CPU.Build.0 = Debug|Any CPU
		{206A5FDF-EA14-401D-8C4D-3037E11670AA}.Release|Any CPU.ActiveCfg = Release|Any CPU
		{206A5FDF-EA14-401D-8C4D-3037E11670AA}.Release|Any CPU.Build.0 = Release|Any CPU
		{3E7D0A52-42C0-4DB4-B237-3FDFFE8964A0}.Debug|Any CPU.ActiveCfg = Debug|Any CPU
		{3E7D0A52-42C0-4DB4-B237-3FDFFE8964A0}.Debug|Any CPU.Build.0 = Debug|Any CPU
		{3E7D0A52-42C0-4DB4-B237-3FDFFE8964A0}.Release|Any CPU.ActiveCfg = Release|Any CPU
		{3E7D0A52-42C0-4DB4-B237-3FDFFE8964A0}.Release|Any CPU.Build.0 = Release|Any CPU
		{05A30D5E-2E81-42AF-B930-A51FF811B9D5}.Debug|Any CPU.ActiveCfg = Debug|Any CPU
		{05A30D5E-2E81-42AF-B930-A51FF811B9D5}.Debug|Any CPU.Build.0 = Debug|Any CPU
		{05A30D5E-2E81-42AF-B930-A51FF811B9D5}.Release|Any CPU.ActiveCfg = Release|Any CPU
		{05A30D5E-2E81-42AF-B930-A51FF811B9D5}.Release|Any CPU.Build.0 = Release|Any CPU
		{1B2F5161-FD5E-4A7F-9472-EBB93B7BDB43}.Debug|Any CPU.ActiveCfg = Debug|Any CPU
		{1B2F5161-FD5E-4A7F-9472-EBB93B7BDB43}.Debug|Any CPU.Build.0 = Debug|Any CPU
		{1B2F5161-FD5E-4A7F-9472-EBB93B7BDB43}.Release|Any CPU.ActiveCfg = Release|Any CPU
		{1B2F5161-FD5E-4A7F-9472-EBB93B7BDB43}.Release|Any CPU.Build.0 = Release|Any CPU
		{6C641518-64EC-4734-AE3A-BBFD4FA1F2EF}.Debug|Any CPU.ActiveCfg = Debug|Any CPU
		{6C641518-64EC-4734-AE3A-BBFD4FA1F2EF}.Debug|Any CPU.Build.0 = Debug|Any CPU
		{6C641518-64EC-4734-AE3A-BBFD4FA1F2EF}.Release|Any CPU.ActiveCfg = Release|Any CPU
		{6C641518-64EC-4734-AE3A-BBFD4FA1F2EF}.Release|Any CPU.Build.0 = Release|Any CPU
		{AECA1ED4-58D4-40BD-A1D9-D495827EC574}.Debug|Any CPU.ActiveCfg = Debug|Any CPU
		{AECA1ED4-58D4-40BD-A1D9-D495827EC574}.Debug|Any CPU.Build.0 = Debug|Any CPU
		{AECA1ED4-58D4-40BD-A1D9-D495827EC574}.Release|Any CPU.ActiveCfg = Release|Any CPU
		{AECA1ED4-58D4-40BD-A1D9-D495827EC574}.Release|Any CPU.Build.0 = Release|Any CPU
		{5B9DDCDB-661D-46D4-969C-611A84B4285C}.Debug|Any CPU.ActiveCfg = Debug|Any CPU
		{5B9DDCDB-661D-46D4-969C-611A84B4285C}.Debug|Any CPU.Build.0 = Debug|Any CPU
		{5B9DDCDB-661D-46D4-969C-611A84B4285C}.Release|Any CPU.ActiveCfg = Release|Any CPU
		{5B9DDCDB-661D-46D4-969C-611A84B4285C}.Release|Any CPU.Build.0 = Release|Any CPU
	EndGlobalSection
	GlobalSection(SolutionProperties) = preSolution
		HideSolutionNode = FALSE
	EndGlobalSection
	GlobalSection(NestedProjects) = preSolution
		{7CE0B862-5FDE-4A46-87DB-16736C46D151} = {6C7123EA-51E1-4B9C-8598-2D5F7FB08FA0}
		{E75C818D-C7A3-4345-A80C-28AFD4AEF277} = {6C7123EA-51E1-4B9C-8598-2D5F7FB08FA0}
		{AE0884EA-221F-4640-8426-6BBEB9927ED4} = {D03D976A-5A39-4C68-A2DA-DA485FFA453F}
		{3742BEF9-2F5C-4DE9-9B3A-C1B5B7D5B5BE} = {D03D976A-5A39-4C68-A2DA-DA485FFA453F}
		{94FB4F11-AD13-48FA-8DF8-939F6D7C6A1C} = {7E81F52F-DB4F-4EBD-8E09-BF29846CEE38}
		{AF3DBA4F-9A93-4680-9ADA-D954BB4700C0} = {7E81F52F-DB4F-4EBD-8E09-BF29846CEE38}
		{4F6FF0EA-D3D0-431A-98F6-C01FE07C23C7} = {0EFAE51B-C030-45EA-A772-238DC828A90D}
		{9A794778-A68A-4C30-A6C7-7FBE6CBF96F8} = {0EFAE51B-C030-45EA-A772-238DC828A90D}
		{289CBEFB-019D-4221-ACD5-A3B791E73CD2} = {0EFAE51B-C030-45EA-A772-238DC828A90D}
		{600BC27B-A394-4D45-9ED7-84CB4FFAE15F} = {0EFAE51B-C030-45EA-A772-238DC828A90D}
		{AAE891DD-0C57-49AD-BF1E-B8697E5FA7B0} = {0EFAE51B-C030-45EA-A772-238DC828A90D}
		{CE3D3138-8AED-4E61-AE7C-1E18DCF3B440} = {0EFAE51B-C030-45EA-A772-238DC828A90D}
		{819C9788-4ABD-4698-B9CD-DA98341E1458} = {0EFAE51B-C030-45EA-A772-238DC828A90D}
		{91F1BED8-2379-4031-95DA-44AF8B1FF6E7} = {58DEBE08-0F88-4714-8E56-9A214CE8C7AB}
		{0A33E796-5ADB-4BEE-924F-A173316AD8EB} = {58DEBE08-0F88-4714-8E56-9A214CE8C7AB}
		{1328C33F-5F0C-4D36-B0B5-D2838716D7C3} = {58DEBE08-0F88-4714-8E56-9A214CE8C7AB}
		{66D0DBF3-4DB6-425A-A325-2A4A23EADA7D} = {B9450DD5-C936-461B-8B2E-6F04C7A2223A}
		{FEB91C31-165C-4678-81FA-6959533C21C6} = {B9450DD5-C936-461B-8B2E-6F04C7A2223A}
		{3CEEEA04-37F3-4FF4-A0CB-C589BD798202} = {B9450DD5-C936-461B-8B2E-6F04C7A2223A}
		{48D11338-F16F-499D-B535-678C7ACF3D30} = {E75C818D-C7A3-4345-A80C-28AFD4AEF277}
		{AC619917-CEFE-4413-B364-CAFAB4222838} = {94FB4F11-AD13-48FA-8DF8-939F6D7C6A1C}
		{D0AE9536-E19C-4983-B604-FD735ACCF668} = {AF3DBA4F-9A93-4680-9ADA-D954BB4700C0}
		{D97D261B-007F-4230-B9E8-4E00714C2BA4} = {9A794778-A68A-4C30-A6C7-7FBE6CBF96F8}
		{3F8896A7-37DB-4F8E-853C-B50F740BE6B8} = {4F6FF0EA-D3D0-431A-98F6-C01FE07C23C7}
		{007E0E2D-74F9-414B-BEB1-F2B74DE386BA} = {289CBEFB-019D-4221-ACD5-A3B791E73CD2}
		{311F4350-212A-437A-886A-3F7CBB5F8D6E} = {600BC27B-A394-4D45-9ED7-84CB4FFAE15F}
		{65CE3EFB-EC23-430A-9913-FB821D745F95} = {AAE891DD-0C57-49AD-BF1E-B8697E5FA7B0}
		{65B7D899-C3DE-4216-98DB-1CAC9669C5A9} = {CE3D3138-8AED-4E61-AE7C-1E18DCF3B440}
		{3655A222-EC41-4F82-B3EE-205B27DC741C} = {819C9788-4ABD-4698-B9CD-DA98341E1458}
		{6B9532B5-D230-4996-90FF-B04A7BE6BE36} = {91F1BED8-2379-4031-95DA-44AF8B1FF6E7}
		{EF54EA03-D9EF-4C55-AA8D-ED57A3F77FA1} = {0A33E796-5ADB-4BEE-924F-A173316AD8EB}
		{26E53D33-FAB7-4AB9-B8C9-295DC883BD56} = {1328C33F-5F0C-4D36-B0B5-D2838716D7C3}
		{206A5FDF-EA14-401D-8C4D-3037E11670AA} = {66D0DBF3-4DB6-425A-A325-2A4A23EADA7D}
		{3E7D0A52-42C0-4DB4-B237-3FDFFE8964A0} = {FEB91C31-165C-4678-81FA-6959533C21C6}
		{05A30D5E-2E81-42AF-B930-A51FF811B9D5} = {3CEEEA04-37F3-4FF4-A0CB-C589BD798202}
		{1B2F5161-FD5E-4A7F-9472-EBB93B7BDB43} = {AE0884EA-221F-4640-8426-6BBEB9927ED4}
		{6C641518-64EC-4734-AE3A-BBFD4FA1F2EF} = {7CE0B862-5FDE-4A46-87DB-16736C46D151}
		{AECA1ED4-58D4-40BD-A1D9-D495827EC574} = {7CE0B862-5FDE-4A46-87DB-16736C46D151}
		{5B9DDCDB-661D-46D4-969C-611A84B4285C} = {3742BEF9-2F5C-4DE9-9B3A-C1B5B7D5B5BE}
	EndGlobalSection
	GlobalSection(ExtensibilityGlobals) = postSolution
		SolutionGuid = {D3C6B723-7D42-43A4-A487-9029CA17C472}
	EndGlobalSection
EndGlobal
